
Microsoft Visual Studio Solution File, Format Version 12.00
# Visual Studio Version 17
VisualStudioVersion = 17.5.33424.131
MinimumVisualStudioVersion = 10.0.40219.1
Project("{9A19103F-16F7-4668-BE54-9A1E7A4F7556}") = "ISteam", "ISteam.csproj", "{BEE10A41-85C3-4442-8EF9-135851181772}"
EndProject
Global
	GlobalSection(SolutionConfigurationPlatforms) = preSolution
		Debug|Any CPU = Debug|Any CPU
		Release|Any CPU = Release|Any CPU
	EndGlobalSection
	GlobalSection(ProjectConfigurationPlatforms) = postSolution
		{BEE10A41-85C3-4442-8EF9-135851181772}.Debug|Any CPU.ActiveCfg = Debug|Any CPU
		{BEE10A41-85C3-4442-8EF9-135851181772}.Debug|Any CPU.Build.0 = Debug|Any CPU
		{BEE10A41-85C3-4442-8EF9-135851181772}.Release|Any CPU.ActiveCfg = Release|Any CPU
		{BEE10A41-85C3-4442-8EF9-135851181772}.Release|Any CPU.Build.0 = Release|Any CPU
	EndGlobalSection
	GlobalSection(SolutionProperties) = preSolution
		HideSolutionNode = FALSE
	EndGlobalSection
	GlobalSection(ExtensibilityGlobals) = postSolution
		SolutionGuid = {89FE6B1E-B35E-4E0E-AB2F-3F521059827C}
	EndGlobalSection
EndGlobal
